// !$*UTF8*$!
{
	archiveVersion = 1;
	classes = {
	};
	objectVersion = 50;
	objects = {

/* Begin PBXBuildFile section */
		CBEC6F6C23F83B5900F12669 /* AppDelegate.swift in Sources */ = {isa = PBXBuildFile; fileRef = CBEC6F6B23F83B5900F12669 /* AppDelegate.swift */; };
		CBEC6F6E23F83B5900F12669 /* SceneDelegate.swift in Sources */ = {isa = PBXBuildFile; fileRef = CBEC6F6D23F83B5900F12669 /* SceneDelegate.swift */; };
		CBEC6F7023F83B5900F12669 /* ContentView.swift in Sources */ = {isa = PBXBuildFile; fileRef = CBEC6F6F23F83B5900F12669 /* ContentView.swift */; };
		CBEC6F7223F83B5C00F12669 /* Assets.xcassets in Resources */ = {isa = PBXBuildFile; fileRef = CBEC6F7123F83B5C00F12669 /* Assets.xcassets */; };
		CBEC6F7523F83B5C00F12669 /* Preview Assets.xcassets in Resources */ = {isa = PBXBuildFile; fileRef = CBEC6F7423F83B5C00F12669 /* Preview Assets.xcassets */; };
		CBEC6F7823F83B5C00F12669 /* LaunchScreen.storyboard in Resources */ = {isa = PBXBuildFile; fileRef = CBEC6F7623F83B5C00F12669 /* LaunchScreen.storyboard */; };
/* End PBXBuildFile section */

/* Begin PBXFileReference section */
		CBEC6F6823F83B5900F12669 /* Bulleye.app */ = {isa = PBXFileReference; explicitFileType = wrapper.application; includeInIndex = 0; path = Bulleye.app; sourceTree = BUILT_PRODUCTS_DIR; };
		CBEC6F6B23F83B5900F12669 /* AppDelegate.swift */ = {isa = PBXFileReference; lastKnownFileType = sourcecode.swift; path = AppDelegate.swift; sourceTree = "<group>"; };
		CBEC6F6D23F83B5900F12669 /* SceneDelegate.swift */ = {isa = PBXFileReference; lastKnownFileType = sourcecode.swift; path = SceneDelegate.swift; sourceTree = "<group>"; };
		CBEC6F6F23F83B5900F12669 /* ContentView.swift */ = {isa = PBXFileReference; lastKnownFileType = sourcecode.swift; path = ContentView.swift; sourceTree = "<group>"; };
		CBEC6F7123F83B5C00F12669 /* Assets.xcassets */ = {isa = PBXFileReference; lastKnownFileType = folder.assetcatalog; path = Assets.xcassets; sourceTree = "<group>"; };
		CBEC6F7423F83B5C00F12669 /* Preview Assets.xcassets */ = {isa = PBXFileReference; lastKnownFileType = folder.assetcatalog; path = "Preview Assets.xcassets"; sourceTree = "<group>"; };
		CBEC6F7723F83B5C00F12669 /* Base */ = {isa = PBXFileReference; lastKnownFileType = file.storyboard; name = Base; path = Base.lproj/LaunchScreen.storyboard; sourceTree = "<group>"; };
		CBEC6F7923F83B5C00F12669 /* Info.plist */ = {isa = PBXFileReference; lastKnownFileType = text.plist.xml; path = Info.plist; sourceTree = "<group>"; };
/* End PBXFileReference section */

/* Begin PBXFrameworksBuildPhase section */
		CBEC6F6523F83B5800F12669 /* Frameworks */ = {
			isa = PBXFrameworksBuildPhase;
			buildActionMask = 2147483647;
			files = (
			);
			runOnlyForDeploymentPostprocessing = 0;
		};
/* End PBXFrameworksBuildPhase section */

/* Begin PBXGroup section */
		CBEC6F5F23F83B5800F12669 = {
			isa = PBXGroup;
			children = (
				CBEC6F6A23F83B5900F12669 /* Bulleye */,
				CBEC6F6923F83B5900F12669 /* Products */,
			);
			sourceTree = "<group>";
		};
		CBEC6F6923F83B5900F12669 /* Products */ = {
			isa = PBXGroup;
			children = (
				CBEC6F6823F83B5900F12669 /* Bulleye.app */,
			);
			name = Products;
			sourceTree = "<group>";
		};
		CBEC6F6A23F83B5900F12669 /* Bulleye */ = {
			isa = PBXGroup;
			children = (
				CBEC6F6B23F83B5900F12669 /* AppDelegate.swift */,
				CBEC6F6D23F83B5900F12669 /* SceneDelegate.swift */,
				CBEC6F6F23F83B5900F12669 /* ContentView.swift */,
				CBEC6F7123F83B5C00F12669 /* Assets.xcassets */,
				CBEC6F7623F83B5C00F12669 /* LaunchScreen.storyboard */,
				CBEC6F7923F83B5C00F12669 /* Info.plist */,
				CBEC6F7323F83B5C00F12669 /* Preview Content */,
			);
			path = Bulleye;
			sourceTree = "<group>";
		};
		CBEC6F7323F83B5C00F12669 /* Preview Content */ = {
			isa = PBXGroup;
			children = (
				CBEC6F7423F83B5C00F12669 /* Preview Assets.xcassets */,
			);
			path = "Preview Content";
			sourceTree = "<group>";
		};
/* End PBXGroup section */

/* Begin PBXNativeTarget section */
		CBEC6F6723F83B5800F12669 /* Bulleye */ = {
			isa = PBXNativeTarget;
			buildConfigurationList = CBEC6F7C23F83B5C00F12669 /* Build configuration list for PBXNativeTarget "Bulleye" */;
			buildPhases = (
				CBEC6F6423F83B5800F12669 /* Sources */,
				CBEC6F6523F83B5800F12669 /* Frameworks */,
				CBEC6F6623F83B5800F12669 /* Resources */,
			);
			buildRules = (
			);
			dependencies = (
			);
			name = Bulleye;
			productName = Bulleye;
			productReference = CBEC6F6823F83B5900F12669 /* Bulleye.app */;
			productType = "com.apple.product-type.application";
		};
/* End PBXNativeTarget section */

/* Begin PBXProject section */
		CBEC6F6023F83B5800F12669 /* Project object */ = {
			isa = PBXProject;
			attributes = {
				LastSwiftUpdateCheck = 1130;
				LastUpgradeCheck = 1130;
				ORGANIZATIONNAME = "Максим Занин";
				TargetAttributes = {
					CBEC6F6723F83B5800F12669 = {
						CreatedOnToolsVersion = 11.3.1;
					};
				};
			};
			buildConfigurationList = CBEC6F6323F83B5800F12669 /* Build configuration list for PBXProject "Bulleye" */;
			compatibilityVersion = "Xcode 9.3";
			developmentRegion = en;
			hasScannedForEncodings = 0;
			knownRegions = (
				en,
				Base,
			);
			mainGroup = CBEC6F5F23F83B5800F12669;
			productRefGroup = CBEC6F6923F83B5900F12669 /* Products */;
			projectDirPath = "";
			projectRoot = "";
			targets = (
				CBEC6F6723F83B5800F12669 /* Bulleye */,
			);
		};
/* End PBXProject section */

/* Begin PBXResourcesBuildPhase section */
		CBEC6F6623F83B5800F12669 /* Resources */ = {
			isa = PBXResourcesBuildPhase;
			buildActionMask = 2147483647;
			files = (
				CBEC6F7823F83B5C00F12669 /* LaunchScreen.storyboard in Resources */,
				CBEC6F7523F83B5C00F12669 /* Preview Assets.xcassets in Resources */,
				CBEC6F7223F83B5C00F12669 /* Assets.xcassets in Resources */,
			);
			runOnlyForDeploymentPostprocessing = 0;
		};
/* End PBXResourcesBuildPhase section */

/* Begin PBXSourcesBuildPhase section */
		CBEC6F6423F83B5800F12669 /* Sources */ = {
			isa = PBXSourcesBuildPhase;
			buildActionMask = 2147483647;
			files = (
				CBEC6F6C23F83B5900F12669 /* AppDelegate.swift in Sources */,
				CBEC6F6E23F83B5900F12669 /* SceneDelegate.swift in Sources */,
				CBEC6F7023F83B5900F12669 /* ContentView.swift in Sources */,
			);
			runOnlyForDeploymentPostprocessing = 0;
		};
/* End PBXSourcesBuildPhase section */

/* Begin PBXVariantGroup section */
		CBEC6F7623F83B5C00F12669 /* LaunchScreen.storyboard */ = {
			isa = PBXVariantGroup;
			children = (
				CBEC6F7723F83B5C00F12669 /* Base */,
			);
			name = LaunchScreen.storyboard;
			sourceTree = "<group>";
		};
/* End PBXVariantGroup section */

/* Begin XCBuildConfiguration section */
		CBEC6F7A23F83B5C00F12669 /* Debug */ = {
			isa = XCBuildConfiguration;
			buildSettings = {
				ALWAYS_SEARCH_USER_PATHS = NO;
				CLANG_ANALYZER_NONNULL = YES;
				CLANG_ANALYZER_NUMBER_OBJECT_CONVERSION = YES_AGGRESSIVE;
				CLANG_CXX_LANGUAGE_STANDARD = "gnu++14";
				CLANG_CXX_LIBRARY = "libc++";
				CLANG_ENABLE_MODULES = YES;
				CLANG_ENABLE_OBJC_ARC = YES;
				CLANG_ENABLE_OBJC_WEAK = YES;
				CLANG_WARN_BLOCK_CAPTURE_AUTORELEASING = YES;
				CLANG_WARN_BOOL_CONVERSION = YES;
				CLANG_WARN_COMMA = YES;
				CLANG_WARN_CONSTANT_CONVERSION = YES;
				CLANG_WARN_DEPRECATED_OBJC_IMPLEMENTATIONS = YES;
				CLANG_WARN_DIRECT_OBJC_ISA_USAGE = YES_ERROR;
				CLANG_WARN_DOCUMENTATION_COMMENTS = YES;
				CLANG_WARN_EMPTY_BODY = YES;
				CLANG_WARN_ENUM_CONVERSION = YES;
				CLANG_WARN_INFINITE_RECURSION = YES;
				CLANG_WARN_INT_CONVERSION = YES;
				CLANG_WARN_NON_LITERAL_NULL_CONVERSION = YES;
				CLANG_WARN_OBJC_IMPLICIT_RETAIN_SELF = YES;
				CLANG_WARN_OBJC_LITERAL_CONVERSION = YES;
				CLANG_WARN_OBJC_ROOT_CLASS = YES_ERROR;
				CLANG_WARN_RANGE_LOOP_ANALYSIS = YES;
				CLANG_WARN_STRICT_PROTOTYPES = YES;
				CLANG_WARN_SUSPICIOUS_MOVE = YES;
				CLANG_WARN_UNGUARDED_AVAILABILITY = YES_AGGRESSIVE;
				CLANG_WARN_UNREACHABLE_CODE = YES;
				CLANG_WARN__DUPLICATE_METHOD_MATCH = YES;
				COPY_PHASE_STRIP = NO;
				DEBUG_INFORMATION_FORMAT = dwarf;
				ENABLE_STRICT_OBJC_MSGSEND = YES;
				ENABLE_TESTABILITY = YES;
				GCC_C_LANGUAGE_STANDARD = gnu11;
				GCC_DYNAMIC_NO_PIC = NO;
				GCC_NO_COMMON_BLOCKS = YES;
				GCC_OPTIMIZATION_LEVEL = 0;
				GCC_PREPROCESSOR_DEFINITIONS = (
					"DEBUG=1",
					"$(inherited)",
				);
				GCC_WARN_64_TO_32_BIT_CONVERSION = YES;
				GCC_WARN_ABOUT_RETURN_TYPE = YES_ERROR;
				GCC_WARN_UNDECLARED_SELECTOR = YES;
				GCC_WARN_UNINITIALIZED_AUTOS = YES_AGGRESSIVE;
				GCC_WARN_UNUSED_FUNCTION = YES;
				GCC_WARN_UNUSED_VARIABLE = YES;
				IPHONEOS_DEPLOYMENT_TARGET = 13.2;
				MTL_ENABLE_DEBUG_INFO = INCLUDE_SOURCE;
				MTL_FAST_MATH = YES;
				ONLY_ACTIVE_ARCH = YES;
				SDKROOT = iphoneos;
				SWIFT_ACTIVE_COMPILATION_CONDITIONS = DEBUG;
				SWIFT_OPTIMIZATION_LEVEL = "-Onone";
			};
			name = Debug;
		};
		CBEC6F7B23F83B5C00F12669 /* Release */ = {
			isa = XCBuildConfiguration;
			buildSettings = {
				ALWAYS_SEARCH_USER_PATHS = NO;
				CLANG_ANALYZER_NONNULL = YES;
				CLANG_ANALYZER_NUMBER_OBJECT_CONVERSION = YES_AGGRESSIVE;
				CLANG_CXX_LANGUAGE_STANDARD = "gnu++14";
				CLANG_CXX_LIBRARY = "libc++";
				CLANG_ENABLE_MODULES = YES;
				CLANG_ENABLE_OBJC_ARC = YES;
				CLANG_ENABLE_OBJC_WEAK = YES;
				CLANG_WARN_BLOCK_CAPTURE_AUTORELEASING = YES;
				CLANG_WARN_BOOL_CONVERSION = YES;
				CLANG_WARN_COMMA = YES;
				CLANG_WARN_CONSTANT_CONVERSION = YES;
				CLANG_WARN_DEPRECATED_OBJC_IMPLEMENTATIONS = YES;
				CLANG_WARN_DIRECT_OBJC_ISA_USAGE = YES_ERROR;
				CLANG_WARN_DOCUMENTATION_COMMENTS = YES;
				CLANG_WARN_EMPTY_BODY = YES;
				CLANG_WARN_ENUM_CONVERSION = YES;
				CLANG_WARN_INFINITE_RECURSION = YES;
				CLANG_WARN_INT_CONVERSION = YES;
				CLANG_WARN_NON_LITERAL_NULL_CONVERSION = YES;
				CLANG_WARN_OBJC_IMPLICIT_RETAIN_SELF = YES;
				CLANG_WARN_OBJC_LITERAL_CONVERSION = YES;
				CLANG_WARN_OBJC_ROOT_CLASS = YES_ERROR;
				CLANG_WARN_RANGE_LOOP_ANALYSIS = YES;
				CLANG_WARN_STRICT_PROTOTYPES = YES;
				CLANG_WARN_SUSPICIOUS_MOVE = YES;
				CLANG_WARN_UNGUARDED_AVAILABILITY = YES_AGGRESSIVE;
				CLANG_WARN_UNREACHABLE_CODE = YES;
				CLANG_WARN__DUPLICATE_METHOD_MATCH = YES;
				COPY_PHASE_STRIP = NO;
				DEBUG_INFORMATION_FORMAT = "dwarf-with-dsym";
				ENABLE_NS_ASSERTIONS = NO;
				ENABLE_STRICT_OBJC_MSGSEND = YES;
				GCC_C_LANGUAGE_STANDARD = gnu11;
				GCC_NO_COMMON_BLOCKS = YES;
				GCC_WARN_64_TO_32_BIT_CONVERSION = YES;
				GCC_WARN_ABOUT_RETURN_TYPE = YES_ERROR;
				GCC_WARN_UNDECLARED_SELECTOR = YES;
				GCC_WARN_UNINITIALIZED_AUTOS = YES_AGGRESSIVE;
				GCC_WARN_UNUSED_FUNCTION = YES;
				GCC_WARN_UNUSED_VARIABLE = YES;
				IPHONEOS_DEPLOYMENT_TARGET = 13.2;
				MTL_ENABLE_DEBUG_INFO = NO;
				MTL_FAST_MATH = YES;
				SDKROOT = iphoneos;
				SWIFT_COMPILATION_MODE = wholemodule;
				SWIFT_OPTIMIZATION_LEVEL = "-O";
				VALIDATE_PRODUCT = YES;
			};
			name = Release;
		};
		CBEC6F7D23F83B5C00F12669 /* Debug */ = {
			isa = XCBuildConfiguration;
			buildSettings = {
				ASSETCATALOG_COMPILER_APPICON_NAME = AppIcon;
				CODE_SIGN_STYLE = Automatic;
				DEVELOPMENT_ASSET_PATHS = "\"Bulleye/Preview Content\"";
				DEVELOPMENT_TEAM = 2PMJ8Y38B4;
				ENABLE_PREVIEWS = YES;
				INFOPLIST_FILE = Bulleye/Info.plist;
				LD_RUNPATH_SEARCH_PATHS = (
					"$(inherited)",
					"@executable_path/Frameworks",
				);
				PRODUCT_BUNDLE_IDENTIFIER = com.daddyrusher.Bulleye;
				PRODUCT_NAME = "$(TARGET_NAME)";
				SWIFT_VERSION = 5.0;
				TARGETED_DEVICE_FAMILY = "1,2";
			};
			name = Debug;
		};
		CBEC6F7E23F83B5C00F12669 /* Release */ = {
			isa = XCBuildConfiguration;
			buildSettings = {
				ASSETCATALOG_COMPILER_APPICON_NAME = AppIcon;
				CODE_SIGN_STYLE = Automatic;
				DEVELOPMENT_ASSET_PATHS = "\"Bulleye/Preview Content\"";
				DEVELOPMENT_TEAM = 2PMJ8Y38B4;
				ENABLE_PREVIEWS = YES;
				INFOPLIST_FILE = Bulleye/Info.plist;
				LD_RUNPATH_SEARCH_PATHS = (
					"$(inherited)",
					"@executable_path/Frameworks",
				);
				PRODUCT_BUNDLE_IDENTIFIER = com.daddyrusher.Bulleye;
				PRODUCT_NAME = "$(TARGET_NAME)";
				SWIFT_VERSION = 5.0;
				TARGETED_DEVICE_FAMILY = "1,2";
			};
			name = Release;
		};
/* End XCBuildConfiguration section */

/* Begin XCConfigurationList section */
		CBEC6F6323F83B5800F12669 /* Build configuration list for PBXProject "Bulleye" */ = {
			isa = XCConfigurationList;
			buildConfigurations = (
				CBEC6F7A23F83B5C00F12669 /* Debug */,
				CBEC6F7B23F83B5C00F12669 /* Release */,
			);
			defaultConfigurationIsVisible = 0;
			defaultConfigurationName = Release;
		};
		CBEC6F7C23F83B5C00F12669 /* Build configuration list for PBXNativeTarget "Bulleye" */ = {
			isa = XCConfigurationList;
			buildConfigurations = (
				CBEC6F7D23F83B5C00F12669 /* Debug */,
				CBEC6F7E23F83B5C00F12669 /* Release */,
			);
			defaultConfigurationIsVisible = 0;
			defaultConfigurationName = Release;
		};
/* End XCConfigurationList section */
	};
	rootObject = CBEC6F6023F83B5800F12669 /* Project object */;
}
